// !$*UTF8*$!
{
	archiveVersion = 1;
	classes = {
	};
	objectVersion = 46;
	objects = {

/* Begin PBXBuildFile section */
		8B87F8D71E92847F005B20AF /* AppDelegate.swift in Sources */ = {isa = PBXBuildFile; fileRef = 8B87F8D61E92847F005B20AF /* AppDelegate.swift */; };
		8B87F8D91E92847F005B20AF /* ViewController.swift in Sources */ = {isa = PBXBuildFile; fileRef = 8B87F8D81E92847F005B20AF /* ViewController.swift */; };
		8B87F8DC1E92847F005B20AF /* Main.storyboard in Resources */ = {isa = PBXBuildFile; fileRef = 8B87F8DA1E92847F005B20AF /* Main.storyboard */; };
		8B87F8DE1E92847F005B20AF /* Assets.xcassets in Resources */ = {isa = PBXBuildFile; fileRef = 8B87F8DD1E92847F005B20AF /* Assets.xcassets */; };
		8B87F8E11E92847F005B20AF /* LaunchScreen.storyboard in Resources */ = {isa = PBXBuildFile; fileRef = 8B87F8DF1E92847F005B20AF /* LaunchScreen.storyboard */; };
		8B87F8EC1E92847F005B20AF /* WechatShareTests.swift in Sources */ = {isa = PBXBuildFile; fileRef = 8B87F8EB1E92847F005B20AF /* WechatShareTests.swift */; };
		8B87F8F71E92847F005B20AF /* WechatShareUITests.swift in Sources */ = {isa = PBXBuildFile; fileRef = 8B87F8F61E92847F005B20AF /* WechatShareUITests.swift */; };
/* End PBXBuildFile section */

/* Begin PBXContainerItemProxy section */
		8B87F8E81E92847F005B20AF /* PBXContainerItemProxy */ = {
			isa = PBXContainerItemProxy;
			containerPortal = 8B87F8CB1E92847F005B20AF /* Project object */;
			proxyType = 1;
			remoteGlobalIDString = 8B87F8D21E92847F005B20AF;
			remoteInfo = WechatShare;
		};
		8B87F8F31E92847F005B20AF /* PBXContainerItemProxy */ = {
			isa = PBXContainerItemProxy;
			containerPortal = 8B87F8CB1E92847F005B20AF /* Project object */;
			proxyType = 1;
			remoteGlobalIDString = 8B87F8D21E92847F005B20AF;
			remoteInfo = WechatShare;
		};
/* End PBXContainerItemProxy section */

/* Begin PBXFileReference section */
		8B87F8D31E92847F005B20AF /* WechatShare.app */ = {isa = PBXFileReference; explicitFileType = wrapper.application; includeInIndex = 0; path = WechatShare.app; sourceTree = BUILT_PRODUCTS_DIR; };
		8B87F8D61E92847F005B20AF /* AppDelegate.swift */ = {isa = PBXFileReference; lastKnownFileType = sourcecode.swift; path = AppDelegate.swift; sourceTree = "<group>"; };
		8B87F8D81E92847F005B20AF /* ViewController.swift */ = {isa = PBXFileReference; lastKnownFileType = sourcecode.swift; path = ViewController.swift; sourceTree = "<group>"; };
		8B87F8DB1E92847F005B20AF /* Base */ = {isa = PBXFileReference; lastKnownFileType = file.storyboard; name = Base; path = Base.lproj/Main.storyboard; sourceTree = "<group>"; };
		8B87F8DD1E92847F005B20AF /* Assets.xcassets */ = {isa = PBXFileReference; lastKnownFileType = folder.assetcatalog; path = Assets.xcassets; sourceTree = "<group>"; };
		8B87F8E01E92847F005B20AF /* Base */ = {isa = PBXFileReference; lastKnownFileType = file.storyboard; name = Base; path = Base.lproj/LaunchScreen.storyboard; sourceTree = "<group>"; };
		8B87F8E21E92847F005B20AF /* Info.plist */ = {isa = PBXFileReference; lastKnownFileType = text.plist.xml; path = Info.plist; sourceTree = "<group>"; };
		8B87F8E71E92847F005B20AF /* WechatShareTests.xctest */ = {isa = PBXFileReference; explicitFileType = wrapper.cfbundle; includeInIndex = 0; path = WechatShareTests.xctest; sourceTree = BUILT_PRODUCTS_DIR; };
		8B87F8EB1E92847F005B20AF /* WechatShareTests.swift */ = {isa = PBXFileReference; lastKnownFileType = sourcecode.swift; path = WechatShareTests.swift; sourceTree = "<group>"; };
		8B87F8ED1E92847F005B20AF /* Info.plist */ = {isa = PBXFileReference; lastKnownFileType = text.plist.xml; path = Info.plist; sourceTree = "<group>"; };
		8B87F8F21E92847F005B20AF /* WechatShareUITests.xctest */ = {isa = PBXFileReference; explicitFileType = wrapper.cfbundle; includeInIndex = 0; path = WechatShareUITests.xctest; sourceTree = BUILT_PRODUCTS_DIR; };
		8B87F8F61E92847F005B20AF /* WechatShareUITests.swift */ = {isa = PBXFileReference; lastKnownFileType = sourcecode.swift; path = WechatShareUITests.swift; sourceTree = "<group>"; };
		8B87F8F81E92847F005B20AF /* Info.plist */ = {isa = PBXFileReference; lastKnownFileType = text.plist.xml; path = Info.plist; sourceTree = "<group>"; };
/* End PBXFileReference section */

/* Begin PBXFrameworksBuildPhase section */
		8B87F8D01E92847F005B20AF /* Frameworks */ = {
			isa = PBXFrameworksBuildPhase;
			buildActionMask = 2147483647;
			files = (
			);
			runOnlyForDeploymentPostprocessing = 0;
		};
		8B87F8E41E92847F005B20AF /* Frameworks */ = {
			isa = PBXFrameworksBuildPhase;
			buildActionMask = 2147483647;
			files = (
			);
			runOnlyForDeploymentPostprocessing = 0;
		};
		8B87F8EF1E92847F005B20AF /* Frameworks */ = {
			isa = PBXFrameworksBuildPhase;
			buildActionMask = 2147483647;
			files = (
			);
			runOnlyForDeploymentPostprocessing = 0;
		};
/* End PBXFrameworksBuildPhase section */

/* Begin PBXGroup section */
		8B87F8CA1E92847F005B20AF = {
			isa = PBXGroup;
			children = (
				8B87F8D51E92847F005B20AF /* WechatShare */,
				8B87F8EA1E92847F005B20AF /* WechatShareTests */,
				8B87F8F51E92847F005B20AF /* WechatShareUITests */,
				8B87F8D41E92847F005B20AF /* Products */,
			);
			sourceTree = "<group>";
		};
		8B87F8D41E92847F005B20AF /* Products */ = {
			isa = PBXGroup;
			children = (
				8B87F8D31E92847F005B20AF /* WechatShare.app */,
				8B87F8E71E92847F005B20AF /* WechatShareTests.xctest */,
				8B87F8F21E92847F005B20AF /* WechatShareUITests.xctest */,
			);
			name = Products;
			sourceTree = "<group>";
		};
		8B87F8D51E92847F005B20AF /* WechatShare */ = {
			isa = PBXGroup;
			children = (
				8B87F8D61E92847F005B20AF /* AppDelegate.swift */,
				8B87F8D81E92847F005B20AF /* ViewController.swift */,
				8B87F8DA1E92847F005B20AF /* Main.storyboard */,
				8B87F8DD1E92847F005B20AF /* Assets.xcassets */,
				8B87F8DF1E92847F005B20AF /* LaunchScreen.storyboard */,
				8B87F8E21E92847F005B20AF /* Info.plist */,
			);
			path = WechatShare;
			sourceTree = "<group>";
		};
		8B87F8EA1E92847F005B20AF /* WechatShareTests */ = {
			isa = PBXGroup;
			children = (
				8B87F8EB1E92847F005B20AF /* WechatShareTests.swift */,
				8B87F8ED1E92847F005B20AF /* Info.plist */,
			);
			path = WechatShareTests;
			sourceTree = "<group>";
		};
		8B87F8F51E92847F005B20AF /* WechatShareUITests */ = {
			isa = PBXGroup;
			children = (
				8B87F8F61E92847F005B20AF /* WechatShareUITests.swift */,
				8B87F8F81E92847F005B20AF /* Info.plist */,
			);
			path = WechatShareUITests;
			sourceTree = "<group>";
		};
/* End PBXGroup section */

/* Begin PBXNativeTarget section */
		8B87F8D21E92847F005B20AF /* WechatShare */ = {
			isa = PBXNativeTarget;
			buildConfigurationList = 8B87F8FB1E92847F005B20AF /* Build configuration list for PBXNativeTarget "WechatShare" */;
			buildPhases = (
				8B87F8CF1E92847F005B20AF /* Sources */,
				8B87F8D01E92847F005B20AF /* Frameworks */,
				8B87F8D11E92847F005B20AF /* Resources */,
			);
			buildRules = (
			);
			dependencies = (
			);
			name = WechatShare;
			productName = WechatShare;
			productReference = 8B87F8D31E92847F005B20AF /* WechatShare.app */;
			productType = "com.apple.product-type.application";
		};
		8B87F8E61E92847F005B20AF /* WechatShareTests */ = {
			isa = PBXNativeTarget;
			buildConfigurationList = 8B87F8FE1E92847F005B20AF /* Build configuration list for PBXNativeTarget "WechatShareTests" */;
			buildPhases = (
				8B87F8E31E92847F005B20AF /* Sources */,
				8B87F8E41E92847F005B20AF /* Frameworks */,
				8B87F8E51E92847F005B20AF /* Resources */,
			);
			buildRules = (
			);
			dependencies = (
				8B87F8E91E92847F005B20AF /* PBXTargetDependency */,
			);
			name = WechatShareTests;
			productName = WechatShareTests;
			productReference = 8B87F8E71E92847F005B20AF /* WechatShareTests.xctest */;
			productType = "com.apple.product-type.bundle.unit-test";
		};
		8B87F8F11E92847F005B20AF /* WechatShareUITests */ = {
			isa = PBXNativeTarget;
			buildConfigurationList = 8B87F9011E92847F005B20AF /* Build configuration list for PBXNativeTarget "WechatShareUITests" */;
			buildPhases = (
				8B87F8EE1E92847F005B20AF /* Sources */,
				8B87F8EF1E92847F005B20AF /* Frameworks */,
				8B87F8F01E92847F005B20AF /* Resources */,
			);
			buildRules = (
			);
			dependencies = (
				8B87F8F41E92847F005B20AF /* PBXTargetDependency */,
			);
			name = WechatShareUITests;
			productName = WechatShareUITests;
			productReference = 8B87F8F21E92847F005B20AF /* WechatShareUITests.xctest */;
			productType = "com.apple.product-type.bundle.ui-testing";
		};
/* End PBXNativeTarget section */

/* Begin PBXProject section */
		8B87F8CB1E92847F005B20AF /* Project object */ = {
			isa = PBXProject;
			attributes = {
				LastSwiftUpdateCheck = 0830;
				LastUpgradeCheck = 0830;
				ORGANIZATIONNAME = "Cencen Zheng";
				TargetAttributes = {
					8B87F8D21E92847F005B20AF = {
						CreatedOnToolsVersion = 8.3;
						DevelopmentTeam = KWVYNK7KYH;
						ProvisioningStyle = Automatic;
					};
					8B87F8E61E92847F005B20AF = {
						CreatedOnToolsVersion = 8.3;
						DevelopmentTeam = KWVYNK7KYH;
						ProvisioningStyle = Automatic;
						TestTargetID = 8B87F8D21E92847F005B20AF;
					};
					8B87F8F11E92847F005B20AF = {
						CreatedOnToolsVersion = 8.3;
						DevelopmentTeam = KWVYNK7KYH;
						ProvisioningStyle = Automatic;
						TestTargetID = 8B87F8D21E92847F005B20AF;
					};
				};
			};
			buildConfigurationList = 8B87F8CE1E92847F005B20AF /* Build configuration list for PBXProject "WechatShare" */;
			compatibilityVersion = "Xcode 3.2";
			developmentRegion = English;
			hasScannedForEncodings = 0;
			knownRegions = (
				en,
				Base,
			);
			mainGroup = 8B87F8CA1E92847F005B20AF;
			productRefGroup = 8B87F8D41E92847F005B20AF /* Products */;
			projectDirPath = "";
			projectRoot = "";
			targets = (
				8B87F8D21E92847F005B20AF /* WechatShare */,
				8B87F8E61E92847F005B20AF /* WechatShareTests */,
				8B87F8F11E92847F005B20AF /* WechatShareUITests */,
			);
		};
/* End PBXProject section */

/* Begin PBXResourcesBuildPhase section */
		8B87F8D11E92847F005B20AF /* Resources */ = {
			isa = PBXResourcesBuildPhase;
			buildActionMask = 2147483647;
			files = (
				8B87F8E11E92847F005B20AF /* LaunchScreen.storyboard in Resources */,
				8B87F8DE1E92847F005B20AF /* Assets.xcassets in Resources */,
				8B87F8DC1E92847F005B20AF /* Main.storyboard in Resources */,
			);
			runOnlyForDeploymentPostprocessing = 0;
		};
		8B87F8E51E92847F005B20AF /* Resources */ = {
			isa = PBXResourcesBuildPhase;
			buildActionMask = 2147483647;
			files = (
			);
			runOnlyForDeploymentPostprocessing = 0;
		};
		8B87F8F01E92847F005B20AF /* Resources */ = {
			isa = PBXResourcesBuildPhase;
			buildActionMask = 2147483647;
			files = (
			);
			runOnlyForDeploymentPostprocessing = 0;
		};
/* End PBXResourcesBuildPhase section */

/* Begin PBXSourcesBuildPhase section */
		8B87F8CF1E92847F005B20AF /* Sources */ = {
			isa = PBXSourcesBuildPhase;
			buildActionMask = 2147483647;
			files = (
				8B87F8D91E92847F005B20AF /* ViewController.swift in Sources */,
				8B87F8D71E92847F005B20AF /* AppDelegate.swift in Sources */,
			);
			runOnlyForDeploymentPostprocessing = 0;
		};
		8B87F8E31E92847F005B20AF /* Sources */ = {
			isa = PBXSourcesBuildPhase;
			buildActionMask = 2147483647;
			files = (
				8B87F8EC1E92847F005B20AF /* WechatShareTests.swift in Sources */,
			);
			runOnlyForDeploymentPostprocessing = 0;
		};
		8B87F8EE1E92847F005B20AF /* Sources */ = {
			isa = PBXSourcesBuildPhase;
			buildActionMask = 2147483647;
			files = (
				8B87F8F71E92847F005B20AF /* WechatShareUITests.swift in Sources */,
			);
			runOnlyForDeploymentPostprocessing = 0;
		};
/* End PBXSourcesBuildPhase section */

/* Begin PBXTargetDependency section */
		8B87F8E91E92847F005B20AF /* PBXTargetDependency */ = {
			isa = PBXTargetDependency;
			target = 8B87F8D21E92847F005B20AF /* WechatShare */;
			targetProxy = 8B87F8E81E92847F005B20AF /* PBXContainerItemProxy */;
		};
		8B87F8F41E92847F005B20AF /* PBXTargetDependency */ = {
			isa = PBXTargetDependency;
			target = 8B87F8D21E92847F005B20AF /* WechatShare */;
			targetProxy = 8B87F8F31E92847F005B20AF /* PBXContainerItemProxy */;
		};
/* End PBXTargetDependency section */

/* Begin PBXVariantGroup section */
		8B87F8DA1E92847F005B20AF /* Main.storyboard */ = {
			isa = PBXVariantGroup;
			children = (
				8B87F8DB1E92847F005B20AF /* Base */,
			);
			name = Main.storyboard;
			sourceTree = "<group>";
		};
		8B87F8DF1E92847F005B20AF /* LaunchScreen.storyboard */ = {
			isa = PBXVariantGroup;
			children = (
				8B87F8E01E92847F005B20AF /* Base */,
			);
			name = LaunchScreen.storyboard;
			sourceTree = "<group>";
		};
/* End PBXVariantGroup section */

/* Begin XCBuildConfiguration section */
		8B87F8F91E92847F005B20AF /* Debug */ = {
			isa = XCBuildConfiguration;
			buildSettings = {
				ALWAYS_SEARCH_USER_PATHS = NO;
				CLANG_ANALYZER_NONNULL = YES;
				CLANG_ANALYZER_NUMBER_OBJECT_CONVERSION = YES_AGGRESSIVE;
				CLANG_CXX_LANGUAGE_STANDARD = "gnu++0x";
				CLANG_CXX_LIBRARY = "libc++";
				CLANG_ENABLE_MODULES = YES;
				CLANG_ENABLE_OBJC_ARC = YES;
				CLANG_WARN_BOOL_CONVERSION = YES;
				CLANG_WARN_CONSTANT_CONVERSION = YES;
				CLANG_WARN_DIRECT_OBJC_ISA_USAGE = YES_ERROR;
				CLANG_WARN_DOCUMENTATION_COMMENTS = YES;
				CLANG_WARN_EMPTY_BODY = YES;
				CLANG_WARN_ENUM_CONVERSION = YES;
				CLANG_WARN_INFINITE_RECURSION = YES;
				CLANG_WARN_INT_CONVERSION = YES;
				CLANG_WARN_OBJC_ROOT_CLASS = YES_ERROR;
				CLANG_WARN_SUSPICIOUS_MOVE = YES;
				CLANG_WARN_UNREACHABLE_CODE = YES;
				CLANG_WARN__DUPLICATE_METHOD_MATCH = YES;
				"CODE_SIGN_IDENTITY[sdk=iphoneos*]" = "iPhone Developer";
				COPY_PHASE_STRIP = NO;
				DEBUG_INFORMATION_FORMAT = dwarf;
				ENABLE_STRICT_OBJC_MSGSEND = YES;
				ENABLE_TESTABILITY = YES;
				GCC_C_LANGUAGE_STANDARD = gnu99;
				GCC_DYNAMIC_NO_PIC = NO;
				GCC_NO_COMMON_BLOCKS = YES;
				GCC_OPTIMIZATION_LEVEL = 0;
				GCC_PREPROCESSOR_DEFINITIONS = (
					"DEBUG=1",
					"$(inherited)",
				);
				GCC_WARN_64_TO_32_BIT_CONVERSION = YES;
				GCC_WARN_ABOUT_RETURN_TYPE = YES_ERROR;
				GCC_WARN_UNDECLARED_SELECTOR = YES;
				GCC_WARN_UNINITIALIZED_AUTOS = YES_AGGRESSIVE;
				GCC_WARN_UNUSED_FUNCTION = YES;
				GCC_WARN_UNUSED_VARIABLE = YES;
				IPHONEOS_DEPLOYMENT_TARGET = 10.3;
				MTL_ENABLE_DEBUG_INFO = YES;
				ONLY_ACTIVE_ARCH = YES;
				SDKROOT = iphoneos;
				SWIFT_ACTIVE_COMPILATION_CONDITIONS = DEBUG;
				SWIFT_OPTIMIZATION_LEVEL = "-Onone";
				TARGETED_DEVICE_FAMILY = "1,2";
			};
			name = Debug;
		};
		8B87F8FA1E92847F005B20AF /* Release */ = {
			isa = XCBuildConfiguration;
			buildSettings = {
				ALWAYS_SEARCH_USER_PATHS = NO;
				CLANG_ANALYZER_NONNULL = YES;
				CLANG_ANALYZER_NUMBER_OBJECT_CONVERSION = YES_AGGRESSIVE;
				CLANG_CXX_LANGUAGE_STANDARD = "gnu++0x";
				CLANG_CXX_LIBRARY = "libc++";
				CLANG_ENABLE_MODULES = YES;
				CLANG_ENABLE_OBJC_ARC = YES;
				CLANG_WARN_BOOL_CONVERSION = YES;
				CLANG_WARN_CONSTANT_CONVERSION = YES;
				CLANG_WARN_DIRECT_OBJC_ISA_USAGE = YES_ERROR;
				CLANG_WARN_DOCUMENTATION_COMMENTS = YES;
				CLANG_WARN_EMPTY_BODY = YES;
				CLANG_WARN_ENUM_CONVERSION = YES;
				CLANG_WARN_INFINITE_RECURSION = YES;
				CLANG_WARN_INT_CONVERSION = YES;
				CLANG_WARN_OBJC_ROOT_CLASS = YES_ERROR;
				CLANG_WARN_SUSPICIOUS_MOVE = YES;
				CLANG_WARN_UNREACHABLE_CODE = YES;
				CLANG_WARN__DUPLICATE_METHOD_MATCH = YES;
				"CODE_SIGN_IDENTITY[sdk=iphoneos*]" = "iPhone Developer";
				COPY_PHASE_STRIP = NO;
				DEBUG_INFORMATION_FORMAT = "dwarf-with-dsym";
				ENABLE_NS_ASSERTIONS = NO;
				ENABLE_STRICT_OBJC_MSGSEND = YES;
				GCC_C_LANGUAGE_STANDARD = gnu99;
				GCC_NO_COMMON_BLOCKS = YES;
				GCC_WARN_64_TO_32_BIT_CONVERSION = YES;
				GCC_WARN_ABOUT_RETURN_TYPE = YES_ERROR;
				GCC_WARN_UNDECLARED_SELECTOR = YES;
				GCC_WARN_UNINITIALIZED_AUTOS = YES_AGGRESSIVE;
				GCC_WARN_UNUSED_FUNCTION = YES;
				GCC_WARN_UNUSED_VARIABLE = YES;
				IPHONEOS_DEPLOYMENT_TARGET = 10.3;
				MTL_ENABLE_DEBUG_INFO = NO;
				SDKROOT = iphoneos;
				SWIFT_OPTIMIZATION_LEVEL = "-Owholemodule";
				TARGETED_DEVICE_FAMILY = "1,2";
				VALIDATE_PRODUCT = YES;
			};
			name = Release;
		};
		8B87F8FC1E92847F005B20AF /* Debug */ = {
			isa = XCBuildConfiguration;
			buildSettings = {
				ASSETCATALOG_COMPILER_APPICON_NAME = AppIcon;
				DEVELOPMENT_TEAM = KWVYNK7KYH;
				INFOPLIST_FILE = WechatShare/Info.plist;
				LD_RUNPATH_SEARCH_PATHS = "$(inherited) @executable_path/Frameworks";
				PRODUCT_BUNDLE_IDENTIFIER = space.minesecret.WechatShare;
				PRODUCT_NAME = "$(TARGET_NAME)";
				SWIFT_VERSION = 3.0;
			};
			name = Debug;
		};
		8B87F8FD1E92847F005B20AF /* Release */ = {
			isa = XCBuildConfiguration;
			buildSettings = {
				ASSETCATALOG_COMPILER_APPICON_NAME = AppIcon;
				DEVELOPMENT_TEAM = KWVYNK7KYH;
				INFOPLIST_FILE = WechatShare/Info.plist;
				LD_RUNPATH_SEARCH_PATHS = "$(inherited) @executable_path/Frameworks";
				PRODUCT_BUNDLE_IDENTIFIER = space.minesecret.WechatShare;
				PRODUCT_NAME = "$(TARGET_NAME)";
				SWIFT_VERSION = 3.0;
			};
			name = Release;
		};
		8B87F8FF1E92847F005B20AF /* Debug */ = {
			isa = XCBuildConfiguration;
			buildSettings = {
				ALWAYS_EMBED_SWIFT_STANDARD_LIBRARIES = YES;
				BUNDLE_LOADER = "$(TEST_HOST)";
				DEVELOPMENT_TEAM = KWVYNK7KYH;
				INFOPLIST_FILE = WechatShareTests/Info.plist;
				LD_RUNPATH_SEARCH_PATHS = "$(inherited) @executable_path/Frameworks @loader_path/Frameworks";
				PRODUCT_BUNDLE_IDENTIFIER = space.minesecret.WechatShareTests;
				PRODUCT_NAME = "$(TARGET_NAME)";
				SWIFT_VERSION = 3.0;
				TEST_HOST = "$(BUILT_PRODUCTS_DIR)/WechatShare.app/WechatShare";
			};
			name = Debug;
		};
		8B87F9001E92847F005B20AF /* Release */ = {
			isa = XCBuildConfiguration;
			buildSettings = {
				ALWAYS_EMBED_SWIFT_STANDARD_LIBRARIES = YES;
				BUNDLE_LOADER = "$(TEST_HOST)";
				DEVELOPMENT_TEAM = KWVYNK7KYH;
				INFOPLIST_FILE = WechatShareTests/Info.plist;
				LD_RUNPATH_SEARCH_PATHS = "$(inherited) @executable_path/Frameworks @loader_path/Frameworks";
				PRODUCT_BUNDLE_IDENTIFIER = space.minesecret.WechatShareTests;
				PRODUCT_NAME = "$(TARGET_NAME)";
				SWIFT_VERSION = 3.0;
				TEST_HOST = "$(BUILT_PRODUCTS_DIR)/WechatShare.app/WechatShare";
			};
			name = Release;
		};
		8B87F9021E92847F005B20AF /* Debug */ = {
			isa = XCBuildConfiguration;
			buildSettings = {
				ALWAYS_EMBED_SWIFT_STANDARD_LIBRARIES = YES;
				DEVELOPMENT_TEAM = KWVYNK7KYH;
				INFOPLIST_FILE = WechatShareUITests/Info.plist;
				LD_RUNPATH_SEARCH_PATHS = "$(inherited) @executable_path/Frameworks @loader_path/Frameworks";
				PRODUCT_BUNDLE_IDENTIFIER = space.minesecret.WechatShareUITests;
				PRODUCT_NAME = "$(TARGET_NAME)";
				SWIFT_VERSION = 3.0;
				TEST_TARGET_NAME = WechatShare;
			};
			name = Debug;
		};
		8B87F9031E92847F005B20AF /* Release */ = {
			isa = XCBuildConfiguration;
			buildSettings = {
				ALWAYS_EMBED_SWIFT_STANDARD_LIBRARIES = YES;
				DEVELOPMENT_TEAM = KWVYNK7KYH;
				INFOPLIST_FILE = WechatShareUITests/Info.plist;
				LD_RUNPATH_SEARCH_PATHS = "$(inherited) @executable_path/Frameworks @loader_path/Frameworks";
				PRODUCT_BUNDLE_IDENTIFIER = space.minesecret.WechatShareUITests;
				PRODUCT_NAME = "$(TARGET_NAME)";
				SWIFT_VERSION = 3.0;
				TEST_TARGET_NAME = WechatShare;
			};
			name = Release;
		};
/* End XCBuildConfiguration section */

/* Begin XCConfigurationList section */
		8B87F8CE1E92847F005B20AF /* Build configuration list for PBXProject "WechatShare" */ = {
			isa = XCConfigurationList;
			buildConfigurations = (
				8B87F8F91E92847F005B20AF /* Debug */,
				8B87F8FA1E92847F005B20AF /* Release */,
			);
			defaultConfigurationIsVisible = 0;
			defaultConfigurationName = Release;
		};
		8B87F8FB1E92847F005B20AF /* Build configuration list for PBXNativeTarget "WechatShare" */ = {
			isa = XCConfigurationList;
			buildConfigurations = (
				8B87F8FC1E92847F005B20AF /* Debug */,
				8B87F8FD1E92847F005B20AF /* Release */,
			);
			defaultConfigurationIsVisible = 0;
		};
		8B87F8FE1E92847F005B20AF /* Build configuration list for PBXNativeTarget "WechatShareTests" */ = {
			isa = XCConfigurationList;
			buildConfigurations = (
				8B87F8FF1E92847F005B20AF /* Debug */,
				8B87F9001E92847F005B20AF /* Release */,
			);
			defaultConfigurationIsVisible = 0;
		};
		8B87F9011E92847F005B20AF /* Build configuration list for PBXNativeTarget "WechatShareUITests" */ = {
			isa = XCConfigurationList;
			buildConfigurations = (
				8B87F9021E92847F005B20AF /* Debug */,
				8B87F9031E92847F005B20AF /* Release */,
			);
			defaultConfigurationIsVisible = 0;
		};
/* End XCConfigurationList section */
	};
	rootObject = 8B87F8CB1E92847F005B20AF /* Project object */;
}
